<?xml version="1.0" encoding="utf-8"?>
<Project ToolsVersion="4.0" xmlns="http://schemas.microsoft.com/developer/msbuild/2003">
  <ItemGroup>
    <Filter Include="资源文件">
      <UniqueIdentifier>{67DA6AB6-F800-4c08-8B7A-83BB121AAD01}</UniqueIdentifier>
      <Extensions>rc;ico;cur;bmp;dlg;rc2;rct;bin;rgs;gif;jpg;jpeg;jpe;resx;tiff;tif;png;wav;mfcribbon-ms</Extensions>
    </Filter>
    <Filter Include="Log">
      <UniqueIdentifier>{2eef7f98-01e3-4e5a-b35e-12ca66e07928}</UniqueIdentifier>
    </Filter>
    <Filter Include="Lock">
      <UniqueIdentifier>{5a8760fe-a8d8-44ab-b988-3a3bb7c5a5dd}</UniqueIdentifier>
    </Filter>
    <Filter Include="Thread">
      <UniqueIdentifier>{c07e757d-9b56-4284-a38a-36fe95953664}</UniqueIdentifier>
    </Filter>
    <Filter Include="PackageCmd">
      <UniqueIdentifier>{cf018c56-1459-4b08-bc5a-cef4ae3eda78}</UniqueIdentifier>
    </Filter>
  </ItemGroup>
  <ItemGroup>
    <ClInclude Include="Log\ILog.hpp">
      <Filter>Log</Filter>
    </ClInclude>
    <ClInclude Include="Log\LogDoggy.h">
      <Filter>Log</Filter>
    </ClInclude>
    <ClInclude Include="Log\LogFormatImpl.h">
      <Filter>Log</Filter>
    </ClInclude>
    <ClInclude Include="Log\LogImpl.h">
      <Filter>Log</Filter>
    </ClInclude>
    <ClInclude Include="Log\LogTracerImpl.h">
      <Filter>Log</Filter>
    </ClInclude>
    <ClInclude Include="lock\Dog_Lock.h">
      <Filter>Lock</Filter>
    </ClInclude>
    <ClInclude Include="Thread\IThread.h">
      <Filter>Thread</Filter>
    </ClInclude>
    <ClInclude Include="CommonHead.h" />
    <ClInclude Include="PackageCmd\DataPackageTools.h">
      <Filter>PackageCmd</Filter>
    </ClInclude>
    <ClInclude Include="PackageCmd\Cmd.hpp">
      <Filter>PackageCmd</Filter>
    </ClInclude>
  </ItemGroup>
  <ItemGroup>
    <ClCompile Include="Log\LogDoggy.cpp">
      <Filter>Log</Filter>
    </ClCompile>
    <ClCompile Include="Log\LogFormatImpl.cpp">
      <Filter>Log</Filter>
    </ClCompile>
    <ClCompile Include="Log\LogImpl.cpp">
      <Filter>Log</Filter>
    </ClCompile>
    <ClCompile Include="Log\LogTracerImpl.cpp">
      <Filter>Log</Filter>
    </ClCompile>
    <ClCompile Include="Lock\Dog_Lock.cpp">
      <Filter>Lock</Filter>
    </ClCompile>
    <ClCompile Include="Thread\IThread.cpp">
      <Filter>Thread</Filter>
    </ClCompile>
    <ClCompile Include="PackageCmd\DataPackageTools.cpp">
      <Filter>PackageCmd</Filter>
    </ClCompile>
  </ItemGroup>
</Project>